<?xml version="1.0" encoding="utf-8"?>
<Project ToolsVersion="4.0" xmlns="http://schemas.microsoft.com/developer/msbuild/2003">
  <ItemGroup>
    <ClCompile Include="main.cpp" />
    <ClCompile Include="name18.cpp" />
    <ClInclude Include="name18.h" />
    <ClCompile Include="name25.cpp" />
    <ClInclude Include="name25.h" />
    <ClCompile Include="name27.cpp" />
    <ClInclude Include="name27.h" />
    <ClCompile Include="name17.cpp" />
    <ClInclude Include="name17.h" />
    <ClCompile Include="name13.cpp" />
    <ClInclude Include="name13.h" />
    <ClCompile Include="name24.cpp" />
    <ClInclude Include="name24.h" />
    <ClCompile Include="name28.cpp" />
    <ClInclude Include="name28.h" />
    <ClCompile Include="name22.cpp" />
    <ClInclude Include="name22.h" />
    <ClCompile Include="name05.cpp" />
    <ClInclude Include="name05.h" />
    <ClCompile Include="name08.cpp" />
    <ClInclude Include="name08.h" />
    <ClCompile Include="name10.cpp" />
    <ClInclude Include="name10.h" />
    <ClCompile Include="name09.cpp" />
    <ClInclude Include="name09.h" />
    <ClCompile Include="name29.cpp" />
    <ClInclude Include="name29.h" />
    <ClCompile Include="name02.cpp" />
    <ClInclude Include="name02.h" />
  </ItemGroup>
</Project>